PODS:
  - MJExtension (3.0.13)
  - RegionCN (0.0.1):
    - MJExtension

DEPENDENCIES:
  - RegionCN (from `https://github.com/mrarronz/RegionCN.git`)

EXTERNAL SOURCES:
  RegionCN:
    :git: https://github.com/mrarronz/RegionCN.git

CHECKOUT OPTIONS:
  RegionCN:
    :commit: a3f0f25a3b62653af2d754b37d389d2beda580a9
    :git: https://github.com/mrarronz/RegionCN.git

SPEC CHECKSUMS:
  MJExtension: 5932755f451458eefa24239358817f8d291240c7
  RegionCN: c4a513c0c54efde08a44f2eb8faf6c0d38093486

PODFILE CHECKSUM: f2b0e8925abf49a2f8ad593914f3b97577de5368

COCOAPODS: 1.2.1
