PODS:
  - RegionCN (0.0.1)

DEPENDENCIES:
  - RegionCN (from `https://github.com/mrarronz/RegionCN.git`)

EXTERNAL SOURCES:
  RegionCN:
    :git: https://github.com/mrarronz/RegionCN.git

CHECKOUT OPTIONS:
  RegionCN:
    :commit: 594ba97f4669379b1709b4791921b066eecc60ca
    :git: https://github.com/mrarronz/RegionCN.git

SPEC CHECKSUMS:
  RegionCN: b2cfef3bdda4213acbf4079e58fea9093077496b

PODFILE CHECKSUM: f2b0e8925abf49a2f8ad593914f3b97577de5368

COCOAPODS: 1.2.1
